
Microsoft Visual Studio Solution File, Format Version 12.00
# Visual Studio Version 17
VisualStudioVersion = 17.8.34525.116
MinimumVisualStudioVersion = 10.0.40219.1
Project("{9A19103F-16F7-4668-BE54-9A1E7A4F7556}") = "DotNetTraining", "DotNetTraining\DotNetTraining.csproj", "{0C68CF06-BE13-4AE9-B5EC-A5B38527376B}"
EndProject
Project("{9A19103F-16F7-4668-BE54-9A1E7A4F7556}") = "MaterialDesign", "MaterialDesign\MaterialDesign.csproj", "{7963CAAB-8B60-4682-838E-399743C0433D}"
EndProject
Global
	GlobalSection(SolutionConfigurationPlatforms) = preSolution
		Debug|Any CPU = Debug|Any CPU
		Release|Any CPU = Release|Any CPU
	EndGlobalSection
	GlobalSection(ProjectConfigurationPlatforms) = postSolution
		{0C68CF06-BE13-4AE9-B5EC-A5B38527376B}.Debug|Any CPU.ActiveCfg = Debug|Any CPU
		{0C68CF06-BE13-4AE9-B5EC-A5B38527376B}.Debug|Any CPU.Build.0 = Debug|Any CPU
		{0C68CF06-BE13-4AE9-B5EC-A5B38527376B}.Release|Any CPU.ActiveCfg = Release|Any CPU
		{0C68CF06-BE13-4AE9-B5EC-A5B38527376B}.Release|Any CPU.Build.0 = Release|Any CPU
		{7963CAAB-8B60-4682-838E-399743C0433D}.Debug|Any CPU.ActiveCfg = Debug|Any CPU
		{7963CAAB-8B60-4682-838E-399743C0433D}.Debug|Any CPU.Build.0 = Debug|Any CPU
		{7963CAAB-8B60-4682-838E-399743C0433D}.Release|Any CPU.ActiveCfg = Release|Any CPU
		{7963CAAB-8B60-4682-838E-399743C0433D}.Release|Any CPU.Build.0 = Release|Any CPU
	EndGlobalSection
	GlobalSection(SolutionProperties) = preSolution
		HideSolutionNode = FALSE
	EndGlobalSection
	GlobalSection(ExtensibilityGlobals) = postSolution
		SolutionGuid = {C70C8AEE-5201-4BFB-A4BE-C2703F7AF152}
	EndGlobalSection
EndGlobal
